// !$*UTF8*$!
{
	archiveVersion = 1;
	classes = {
	};
	objectVersion = 48;
	objects = {

/* Begin PBXBuildFile section */
		28C947E6BFCD291B705F28E6 /* Pods_RxSwift_iOS_Demo.framework in Frameworks */ = {isa = PBXBuildFile; fileRef = 66504470955688D3B98F7BBF /* Pods_RxSwift_iOS_Demo.framework */; };
		BC28FFC320426E5F000B0BD7 /* GenerateOperatorViewController.swift in Sources */ = {isa = PBXBuildFile; fileRef = BC28FFC220426E5F000B0BD7 /* GenerateOperatorViewController.swift */; };
		BC74E9AA203D759000B5445A /* AppDelegate.swift in Sources */ = {isa = PBXBuildFile; fileRef = BC74E9A9203D759000B5445A /* AppDelegate.swift */; };
		BC74E9AC203D759000B5445A /* ViewController.swift in Sources */ = {isa = PBXBuildFile; fileRef = BC74E9AB203D759000B5445A /* ViewController.swift */; };
		BC74E9AF203D759000B5445A /* Main.storyboard in Resources */ = {isa = PBXBuildFile; fileRef = BC74E9AD203D759000B5445A /* Main.storyboard */; };
		BC74E9B1203D759000B5445A /* Assets.xcassets in Resources */ = {isa = PBXBuildFile; fileRef = BC74E9B0203D759000B5445A /* Assets.xcassets */; };
		BC74E9B4203D759000B5445A /* LaunchScreen.storyboard in Resources */ = {isa = PBXBuildFile; fileRef = BC74E9B2203D759000B5445A /* LaunchScreen.storyboard */; };
		BC74E9BD203D762800B5445A /* CreateOperatorVC.swift in Sources */ = {isa = PBXBuildFile; fileRef = BC74E9BC203D762800B5445A /* CreateOperatorVC.swift */; };
/* End PBXBuildFile section */

/* Begin PBXFileReference section */
		03E4C6943892920F65586CD6 /* Pods-RxSwift-iOS-Demo.release.xcconfig */ = {isa = PBXFileReference; includeInIndex = 1; lastKnownFileType = text.xcconfig; name = "Pods-RxSwift-iOS-Demo.release.xcconfig"; path = "Pods/Target Support Files/Pods-RxSwift-iOS-Demo/Pods-RxSwift-iOS-Demo.release.xcconfig"; sourceTree = "<group>"; };
		25A340483123E677C7F2AACE /* Pods-RxSwift-iOS-Demo.debug.xcconfig */ = {isa = PBXFileReference; includeInIndex = 1; lastKnownFileType = text.xcconfig; name = "Pods-RxSwift-iOS-Demo.debug.xcconfig"; path = "Pods/Target Support Files/Pods-RxSwift-iOS-Demo/Pods-RxSwift-iOS-Demo.debug.xcconfig"; sourceTree = "<group>"; };
		66504470955688D3B98F7BBF /* Pods_RxSwift_iOS_Demo.framework */ = {isa = PBXFileReference; explicitFileType = wrapper.framework; includeInIndex = 0; path = Pods_RxSwift_iOS_Demo.framework; sourceTree = BUILT_PRODUCTS_DIR; };
		BC28FFC220426E5F000B0BD7 /* GenerateOperatorViewController.swift */ = {isa = PBXFileReference; lastKnownFileType = sourcecode.swift; path = GenerateOperatorViewController.swift; sourceTree = "<group>"; };
		BC74E9A6203D759000B5445A /* RxSwift-iOS-Demo.app */ = {isa = PBXFileReference; explicitFileType = wrapper.application; includeInIndex = 0; path = "RxSwift-iOS-Demo.app"; sourceTree = BUILT_PRODUCTS_DIR; };
		BC74E9A9203D759000B5445A /* AppDelegate.swift */ = {isa = PBXFileReference; lastKnownFileType = sourcecode.swift; path = AppDelegate.swift; sourceTree = "<group>"; };
		BC74E9AB203D759000B5445A /* ViewController.swift */ = {isa = PBXFileReference; lastKnownFileType = sourcecode.swift; path = ViewController.swift; sourceTree = "<group>"; };
		BC74E9AE203D759000B5445A /* Base */ = {isa = PBXFileReference; lastKnownFileType = file.storyboard; name = Base; path = Base.lproj/Main.storyboard; sourceTree = "<group>"; };
		BC74E9B0203D759000B5445A /* Assets.xcassets */ = {isa = PBXFileReference; lastKnownFileType = folder.assetcatalog; path = Assets.xcassets; sourceTree = "<group>"; };
		BC74E9B3203D759000B5445A /* Base */ = {isa = PBXFileReference; lastKnownFileType = file.storyboard; name = Base; path = Base.lproj/LaunchScreen.storyboard; sourceTree = "<group>"; };
		BC74E9B5203D759000B5445A /* Info.plist */ = {isa = PBXFileReference; lastKnownFileType = text.plist.xml; path = Info.plist; sourceTree = "<group>"; };
		BC74E9BC203D762800B5445A /* CreateOperatorVC.swift */ = {isa = PBXFileReference; lastKnownFileType = sourcecode.swift; path = CreateOperatorVC.swift; sourceTree = "<group>"; };
/* End PBXFileReference section */

/* Begin PBXFrameworksBuildPhase section */
		BC74E9A3203D759000B5445A /* Frameworks */ = {
			isa = PBXFrameworksBuildPhase;
			buildActionMask = 2147483647;
			files = (
				28C947E6BFCD291B705F28E6 /* Pods_RxSwift_iOS_Demo.framework in Frameworks */,
			);
			runOnlyForDeploymentPostprocessing = 0;
		};
/* End PBXFrameworksBuildPhase section */

/* Begin PBXGroup section */
		260AF1CEF6A42E42B8320EDA /* Pods */ = {
			isa = PBXGroup;
			children = (
				25A340483123E677C7F2AACE /* Pods-RxSwift-iOS-Demo.debug.xcconfig */,
				03E4C6943892920F65586CD6 /* Pods-RxSwift-iOS-Demo.release.xcconfig */,
			);
			name = Pods;
			sourceTree = "<group>";
		};
		5F2251F31C6678D425E9CA89 /* Frameworks */ = {
			isa = PBXGroup;
			children = (
				66504470955688D3B98F7BBF /* Pods_RxSwift_iOS_Demo.framework */,
			);
			name = Frameworks;
			sourceTree = "<group>";
		};
		BC74E99D203D759000B5445A = {
			isa = PBXGroup;
			children = (
				BC74E9A8203D759000B5445A /* RxSwift-iOS-Demo */,
				BC74E9A7203D759000B5445A /* Products */,
				260AF1CEF6A42E42B8320EDA /* Pods */,
				5F2251F31C6678D425E9CA89 /* Frameworks */,
			);
			sourceTree = "<group>";
		};
		BC74E9A7203D759000B5445A /* Products */ = {
			isa = PBXGroup;
			children = (
				BC74E9A6203D759000B5445A /* RxSwift-iOS-Demo.app */,
			);
			name = Products;
			sourceTree = "<group>";
		};
		BC74E9A8203D759000B5445A /* RxSwift-iOS-Demo */ = {
			isa = PBXGroup;
			children = (
				BC74E9BB203D760200B5445A /* RxOperators */,
				BC74E9A9203D759000B5445A /* AppDelegate.swift */,
				BC74E9AB203D759000B5445A /* ViewController.swift */,
				BC74E9AD203D759000B5445A /* Main.storyboard */,
				BC74E9B0203D759000B5445A /* Assets.xcassets */,
				BC74E9B2203D759000B5445A /* LaunchScreen.storyboard */,
				BC74E9B5203D759000B5445A /* Info.plist */,
			);
			path = "RxSwift-iOS-Demo";
			sourceTree = "<group>";
		};
		BC74E9BB203D760200B5445A /* RxOperators */ = {
			isa = PBXGroup;
			children = (
				BC74E9BC203D762800B5445A /* CreateOperatorVC.swift */,
				BC28FFC220426E5F000B0BD7 /* GenerateOperatorViewController.swift */,
			);
			path = RxOperators;
			sourceTree = "<group>";
		};
/* End PBXGroup section */

/* Begin PBXNativeTarget section */
		BC74E9A5203D759000B5445A /* RxSwift-iOS-Demo */ = {
			isa = PBXNativeTarget;
			buildConfigurationList = BC74E9B8203D759000B5445A /* Build configuration list for PBXNativeTarget "RxSwift-iOS-Demo" */;
			buildPhases = (
				50B6491D3264962F62E9D5FE /* [CP] Check Pods Manifest.lock */,
				BC74E9A2203D759000B5445A /* Sources */,
				BC74E9A3203D759000B5445A /* Frameworks */,
				BC74E9A4203D759000B5445A /* Resources */,
				FDF74C11DEBF6B009C35EC2C /* [CP] Embed Pods Frameworks */,
				92BD3111E95066610DB06D89 /* [CP] Copy Pods Resources */,
			);
			buildRules = (
			);
			dependencies = (
			);
			name = "RxSwift-iOS-Demo";
			productName = "RxSwift-iOS-Demo";
			productReference = BC74E9A6203D759000B5445A /* RxSwift-iOS-Demo.app */;
			productType = "com.apple.product-type.application";
		};
/* End PBXNativeTarget section */

/* Begin PBXProject section */
		BC74E99E203D759000B5445A /* Project object */ = {
			isa = PBXProject;
			attributes = {
				LastSwiftUpdateCheck = 0920;
				LastUpgradeCheck = 0920;
				ORGANIZATIONNAME = "Ankit Kumar";
				TargetAttributes = {
					BC74E9A5203D759000B5445A = {
						CreatedOnToolsVersion = 9.2;
						ProvisioningStyle = Automatic;
					};
				};
			};
			buildConfigurationList = BC74E9A1203D759000B5445A /* Build configuration list for PBXProject "RxSwift-iOS-Demo" */;
			compatibilityVersion = "Xcode 8.0";
			developmentRegion = en;
			hasScannedForEncodings = 0;
			knownRegions = (
				en,
				Base,
			);
			mainGroup = BC74E99D203D759000B5445A;
			productRefGroup = BC74E9A7203D759000B5445A /* Products */;
			projectDirPath = "";
			projectRoot = "";
			targets = (
				BC74E9A5203D759000B5445A /* RxSwift-iOS-Demo */,
			);
		};
/* End PBXProject section */

/* Begin PBXResourcesBuildPhase section */
		BC74E9A4203D759000B5445A /* Resources */ = {
			isa = PBXResourcesBuildPhase;
			buildActionMask = 2147483647;
			files = (
				BC74E9B4203D759000B5445A /* LaunchScreen.storyboard in Resources */,
				BC74E9B1203D759000B5445A /* Assets.xcassets in Resources */,
				BC74E9AF203D759000B5445A /* Main.storyboard in Resources */,
			);
			runOnlyForDeploymentPostprocessing = 0;
		};
/* End PBXResourcesBuildPhase section */

/* Begin PBXShellScriptBuildPhase section */
		50B6491D3264962F62E9D5FE /* [CP] Check Pods Manifest.lock */ = {
			isa = PBXShellScriptBuildPhase;
			buildActionMask = 2147483647;
			files = (
			);
			inputPaths = (
				"${PODS_PODFILE_DIR_PATH}/Podfile.lock",
				"${PODS_ROOT}/Manifest.lock",
			);
			name = "[CP] Check Pods Manifest.lock";
			outputPaths = (
				"$(DERIVED_FILE_DIR)/Pods-RxSwift-iOS-Demo-checkManifestLockResult.txt",
			);
			runOnlyForDeploymentPostprocessing = 0;
			shellPath = /bin/sh;
			shellScript = "diff \"${PODS_PODFILE_DIR_PATH}/Podfile.lock\" \"${PODS_ROOT}/Manifest.lock\" > /dev/null\nif [ $? != 0 ] ; then\n    # print error to STDERR\n    echo \"error: The sandbox is not in sync with the Podfile.lock. Run 'pod install' or update your CocoaPods installation.\" >&2\n    exit 1\nfi\n# This output is used by Xcode 'outputs' to avoid re-running this script phase.\necho \"SUCCESS\" > \"${SCRIPT_OUTPUT_FILE_0}\"\n";
			showEnvVarsInLog = 0;
		};
		92BD3111E95066610DB06D89 /* [CP] Copy Pods Resources */ = {
			isa = PBXShellScriptBuildPhase;
			buildActionMask = 2147483647;
			files = (
			);
			inputPaths = (
			);
			name = "[CP] Copy Pods Resources";
			outputPaths = (
			);
			runOnlyForDeploymentPostprocessing = 0;
			shellPath = /bin/sh;
			shellScript = "\"${SRCROOT}/Pods/Target Support Files/Pods-RxSwift-iOS-Demo/Pods-RxSwift-iOS-Demo-resources.sh\"\n";
			showEnvVarsInLog = 0;
		};
		FDF74C11DEBF6B009C35EC2C /* [CP] Embed Pods Frameworks */ = {
			isa = PBXShellScriptBuildPhase;
			buildActionMask = 2147483647;
			files = (
			);
			inputPaths = (
				"${SRCROOT}/Pods/Target Support Files/Pods-RxSwift-iOS-Demo/Pods-RxSwift-iOS-Demo-frameworks.sh",
				"${BUILT_PRODUCTS_DIR}/RxCocoa/RxCocoa.framework",
				"${BUILT_PRODUCTS_DIR}/RxSwift/RxSwift.framework",
			);
			name = "[CP] Embed Pods Frameworks";
			outputPaths = (
				"${TARGET_BUILD_DIR}/${FRAMEWORKS_FOLDER_PATH}/RxCocoa.framework",
				"${TARGET_BUILD_DIR}/${FRAMEWORKS_FOLDER_PATH}/RxSwift.framework",
			);
			runOnlyForDeploymentPostprocessing = 0;
			shellPath = /bin/sh;
			shellScript = "\"${SRCROOT}/Pods/Target Support Files/Pods-RxSwift-iOS-Demo/Pods-RxSwift-iOS-Demo-frameworks.sh\"\n";
			showEnvVarsInLog = 0;
		};
/* End PBXShellScriptBuildPhase section */

/* Begin PBXSourcesBuildPhase section */
		BC74E9A2203D759000B5445A /* Sources */ = {
			isa = PBXSourcesBuildPhase;
			buildActionMask = 2147483647;
			files = (
				BC74E9AC203D759000B5445A /* ViewController.swift in Sources */,
				BC28FFC320426E5F000B0BD7 /* GenerateOperatorViewController.swift in Sources */,
				BC74E9AA203D759000B5445A /* AppDelegate.swift in Sources */,
				BC74E9BD203D762800B5445A /* CreateOperatorVC.swift in Sources */,
			);
			runOnlyForDeploymentPostprocessing = 0;
		};
/* End PBXSourcesBuildPhase section */

/* Begin PBXVariantGroup section */
		BC74E9AD203D759000B5445A /* Main.storyboard */ = {
			isa = PBXVariantGroup;
			children = (
				BC74E9AE203D759000B5445A /* Base */,
			);
			name = Main.storyboard;
			sourceTree = "<group>";
		};
		BC74E9B2203D759000B5445A /* LaunchScreen.storyboard */ = {
			isa = PBXVariantGroup;
			children = (
				BC74E9B3203D759000B5445A /* Base */,
			);
			name = LaunchScreen.storyboard;
			sourceTree = "<group>";
		};
/* End PBXVariantGroup section */

/* Begin XCBuildConfiguration section */
		BC74E9B6203D759000B5445A /* Debug */ = {
			isa = XCBuildConfiguration;
			buildSettings = {
				ALWAYS_SEARCH_USER_PATHS = NO;
				CLANG_ANALYZER_NONNULL = YES;
				CLANG_ANALYZER_NUMBER_OBJECT_CONVERSION = YES_AGGRESSIVE;
				CLANG_CXX_LANGUAGE_STANDARD = "gnu++14";
				CLANG_CXX_LIBRARY = "libc++";
				CLANG_ENABLE_MODULES = YES;
				CLANG_ENABLE_OBJC_ARC = YES;
				CLANG_WARN_BLOCK_CAPTURE_AUTORELEASING = YES;
				CLANG_WARN_BOOL_CONVERSION = YES;
				CLANG_WARN_COMMA = YES;
				CLANG_WARN_CONSTANT_CONVERSION = YES;
				CLANG_WARN_DIRECT_OBJC_ISA_USAGE = YES_ERROR;
				CLANG_WARN_DOCUMENTATION_COMMENTS = YES;
				CLANG_WARN_EMPTY_BODY = YES;
				CLANG_WARN_ENUM_CONVERSION = YES;
				CLANG_WARN_INFINITE_RECURSION = YES;
				CLANG_WARN_INT_CONVERSION = YES;
				CLANG_WARN_NON_LITERAL_NULL_CONVERSION = YES;
				CLANG_WARN_OBJC_LITERAL_CONVERSION = YES;
				CLANG_WARN_OBJC_ROOT_CLASS = YES_ERROR;
				CLANG_WARN_RANGE_LOOP_ANALYSIS = YES;
				CLANG_WARN_STRICT_PROTOTYPES = YES;
				CLANG_WARN_SUSPICIOUS_MOVE = YES;
				CLANG_WARN_UNGUARDED_AVAILABILITY = YES_AGGRESSIVE;
				CLANG_WARN_UNREACHABLE_CODE = YES;
				CLANG_WARN__DUPLICATE_METHOD_MATCH = YES;
				CODE_SIGN_IDENTITY = "iPhone Developer";
				COPY_PHASE_STRIP = NO;
				DEBUG_INFORMATION_FORMAT = dwarf;
				ENABLE_STRICT_OBJC_MSGSEND = YES;
				ENABLE_TESTABILITY = YES;
				GCC_C_LANGUAGE_STANDARD = gnu11;
				GCC_DYNAMIC_NO_PIC = NO;
				GCC_NO_COMMON_BLOCKS = YES;
				GCC_OPTIMIZATION_LEVEL = 0;
				GCC_PREPROCESSOR_DEFINITIONS = (
					"DEBUG=1",
					"$(inherited)",
				);
				GCC_WARN_64_TO_32_BIT_CONVERSION = YES;
				GCC_WARN_ABOUT_RETURN_TYPE = YES_ERROR;
				GCC_WARN_UNDECLARED_SELECTOR = YES;
				GCC_WARN_UNINITIALIZED_AUTOS = YES_AGGRESSIVE;
				GCC_WARN_UNUSED_FUNCTION = YES;
				GCC_WARN_UNUSED_VARIABLE = YES;
				IPHONEOS_DEPLOYMENT_TARGET = 11.2;
				MTL_ENABLE_DEBUG_INFO = YES;
				ONLY_ACTIVE_ARCH = YES;
				SDKROOT = iphoneos;
				SWIFT_ACTIVE_COMPILATION_CONDITIONS = DEBUG;
				SWIFT_OPTIMIZATION_LEVEL = "-Onone";
			};
			name = Debug;
		};
		BC74E9B7203D759000B5445A /* Release */ = {
			isa = XCBuildConfiguration;
			buildSettings = {
				ALWAYS_SEARCH_USER_PATHS = NO;
				CLANG_ANALYZER_NONNULL = YES;
				CLANG_ANALYZER_NUMBER_OBJECT_CONVERSION = YES_AGGRESSIVE;
				CLANG_CXX_LANGUAGE_STANDARD = "gnu++14";
				CLANG_CXX_LIBRARY = "libc++";
				CLANG_ENABLE_MODULES = YES;
				CLANG_ENABLE_OBJC_ARC = YES;
				CLANG_WARN_BLOCK_CAPTURE_AUTORELEASING = YES;
				CLANG_WARN_BOOL_CONVERSION = YES;
				CLANG_WARN_COMMA = YES;
				CLANG_WARN_CONSTANT_CONVERSION = YES;
				CLANG_WARN_DIRECT_OBJC_ISA_USAGE = YES_ERROR;
				CLANG_WARN_DOCUMENTATION_COMMENTS = YES;
				CLANG_WARN_EMPTY_BODY = YES;
				CLANG_WARN_ENUM_CONVERSION = YES;
				CLANG_WARN_INFINITE_RECURSION = YES;
				CLANG_WARN_INT_CONVERSION = YES;
				CLANG_WARN_NON_LITERAL_NULL_CONVERSION = YES;
				CLANG_WARN_OBJC_LITERAL_CONVERSION = YES;
				CLANG_WARN_OBJC_ROOT_CLASS = YES_ERROR;
				CLANG_WARN_RANGE_LOOP_ANALYSIS = YES;
				CLANG_WARN_STRICT_PROTOTYPES = YES;
				CLANG_WARN_SUSPICIOUS_MOVE = YES;
				CLANG_WARN_UNGUARDED_AVAILABILITY = YES_AGGRESSIVE;
				CLANG_WARN_UNREACHABLE_CODE = YES;
				CLANG_WARN__DUPLICATE_METHOD_MATCH = YES;
				CODE_SIGN_IDENTITY = "iPhone Developer";
				COPY_PHASE_STRIP = NO;
				DEBUG_INFORMATION_FORMAT = "dwarf-with-dsym";
				ENABLE_NS_ASSERTIONS = NO;
				ENABLE_STRICT_OBJC_MSGSEND = YES;
				GCC_C_LANGUAGE_STANDARD = gnu11;
				GCC_NO_COMMON_BLOCKS = YES;
				GCC_WARN_64_TO_32_BIT_CONVERSION = YES;
				GCC_WARN_ABOUT_RETURN_TYPE = YES_ERROR;
				GCC_WARN_UNDECLARED_SELECTOR = YES;
				GCC_WARN_UNINITIALIZED_AUTOS = YES_AGGRESSIVE;
				GCC_WARN_UNUSED_FUNCTION = YES;
				GCC_WARN_UNUSED_VARIABLE = YES;
				IPHONEOS_DEPLOYMENT_TARGET = 11.2;
				MTL_ENABLE_DEBUG_INFO = NO;
				SDKROOT = iphoneos;
				SWIFT_OPTIMIZATION_LEVEL = "-Owholemodule";
				VALIDATE_PRODUCT = YES;
			};
			name = Release;
		};
		BC74E9B9203D759000B5445A /* Debug */ = {
			isa = XCBuildConfiguration;
			baseConfigurationReference = 25A340483123E677C7F2AACE /* Pods-RxSwift-iOS-Demo.debug.xcconfig */;
			buildSettings = {
				ASSETCATALOG_COMPILER_APPICON_NAME = AppIcon;
				CODE_SIGN_STYLE = Automatic;
				INFOPLIST_FILE = "RxSwift-iOS-Demo/Info.plist";
				LD_RUNPATH_SEARCH_PATHS = "$(inherited) @executable_path/Frameworks";
				PRODUCT_BUNDLE_IDENTIFIER = "freeankit.com.RxSwift-iOS-Demo";
				PRODUCT_NAME = "$(TARGET_NAME)";
				SWIFT_VERSION = 4.0;
				TARGETED_DEVICE_FAMILY = "1,2";
			};
			name = Debug;
		};
		BC74E9BA203D759000B5445A /* Release */ = {
			isa = XCBuildConfiguration;
			baseConfigurationReference = 03E4C6943892920F65586CD6 /* Pods-RxSwift-iOS-Demo.release.xcconfig */;
			buildSettings = {
				ASSETCATALOG_COMPILER_APPICON_NAME = AppIcon;
				CODE_SIGN_STYLE = Automatic;
				INFOPLIST_FILE = "RxSwift-iOS-Demo/Info.plist";
				LD_RUNPATH_SEARCH_PATHS = "$(inherited) @executable_path/Frameworks";
				PRODUCT_BUNDLE_IDENTIFIER = "freeankit.com.RxSwift-iOS-Demo";
				PRODUCT_NAME = "$(TARGET_NAME)";
				SWIFT_VERSION = 4.0;
				TARGETED_DEVICE_FAMILY = "1,2";
			};
			name = Release;
		};
/* End XCBuildConfiguration section */

/* Begin XCConfigurationList section */
		BC74E9A1203D759000B5445A /* Build configuration list for PBXProject "RxSwift-iOS-Demo" */ = {
			isa = XCConfigurationList;
			buildConfigurations = (
				BC74E9B6203D759000B5445A /* Debug */,
				BC74E9B7203D759000B5445A /* Release */,
			);
			defaultConfigurationIsVisible = 0;
			defaultConfigurationName = Release;
		};
		BC74E9B8203D759000B5445A /* Build configuration list for PBXNativeTarget "RxSwift-iOS-Demo" */ = {
			isa = XCConfigurationList;
			buildConfigurations = (
				BC74E9B9203D759000B5445A /* Debug */,
				BC74E9BA203D759000B5445A /* Release */,
			);
			defaultConfigurationIsVisible = 0;
			defaultConfigurationName = Release;
		};
/* End XCConfigurationList section */
	};
	rootObject = BC74E99E203D759000B5445A /* Project object */;
}
